
Microsoft Visual Studio Solution File, Format Version 12.00
# Visual Studio Version 17
VisualStudioVersion = 17.7.34221.43
MinimumVisualStudioVersion = 10.0.40219.1
Project("{FAE04EC0-301F-11D3-BF4B-00C04F79EFBC}") = "microbenchmark-cs", "microbenchmark-cs.csproj", "{DAEA1353-A1F2-4E62-87C1-D3D4E5BD0FC3}"
EndProject
Global
	GlobalSection(SolutionConfigurationPlatforms) = preSolution
		Debug|Any CPU = Debug|Any CPU
		Release|Any CPU = Release|Any CPU
	EndGlobalSection
	GlobalSection(ProjectConfigurationPlatforms) = postSolution
		{DAEA1353-A1F2-4E62-87C1-D3D4E5BD0FC3}.Debug|Any CPU.ActiveCfg = Debug|Any CPU
		{DAEA1353-A1F2-4E62-87C1-D3D4E5BD0FC3}.Debug|Any CPU.Build.0 = Debug|Any CPU
		{DAEA1353-A1F2-4E62-87C1-D3D4E5BD0FC3}.Release|Any CPU.ActiveCfg = Release|Any CPU
		{DAEA1353-A1F2-4E62-87C1-D3D4E5BD0FC3}.Release|Any CPU.Build.0 = Release|Any CPU
	EndGlobalSection
	GlobalSection(SolutionProperties) = preSolution
		HideSolutionNode = FALSE
	EndGlobalSection
	GlobalSection(ExtensibilityGlobals) = postSolution
		SolutionGuid = {CD7C3B28-E380-4254-A2F0-519A7CBDA361}
	EndGlobalSection
EndGlobal
